{
	"archiveVersion" = "1";
	"classes" =
		{
		};
	"objectVersion" = "46";
	"objects" =
		{
			"100000000000000000000002" =
				{
					"isa" = "PBXGroup";
					"children" =
						("CCB50AC61FA4479E8556B816", "06FC005ADF504C37AB208635");
					"sourceTree" = "<group>";
				};
			"100000000000000000000006" =
				{
					"isa" = "PBXNativeTarget";
					"buildPhases" =
						("100000000000000000000007");
					"buildRules" =
						();
					"dependencies" =
						();
					"name" = "test";
					"productName" = "test";
					"productType" = "com.apple.product-type.application";
				};
			"100000000000000000000001" =
				{
					"isa" = "PBXProject";
					"attributes" =
						{
							"LastUpgradeCheck" = "0620";
						};
					"buildConfigurationList" = "100000000000000000000003";
					"compatibilityVersion" = "Xcode 3.2";
					"developmentRegion" = "English";
					"hasScannedForEncodings" = "0";
					"knownRegions" =
						("en");
					"mainGroup" = "100000000000000000000002";
					"projectDirPath" = "";
					"projectRoot" = "";
					"targets" =
						("100000000000000000000006");
				};
			"100000000000000000000007" =
				{
					"isa" = "PBXSourcesBuildPhase";
					"buildActionMask" = "2147483647";
					"files" =
						();
					"runOnlyForDeploymentPostprocessing" = "0";
				};
			"100000000000000000000004" =
				{
					"isa" = "XCBuildConfiguration";
					"buildSettings" =
						{
							"INFOPLIST_FILE" = "/Users/badlogic/workspaces/robovm/robovm-game-app/ios/Info.plist.xml";
							"SDKROOT" = "iphoneos";
							"TARGETED_DEVICE_FAMILY" = "1,2";
							"GCC_PRECOMPILE_PREFIX_HEADER" = "YES";
							"GCC_PREFIX_HEADER" = "/Users/badlogic/workspaces/robovm/robovm-game-app/ios/robovm-build/xcode/.ib/Prefix.pch";
						};
					"name" = "Debug";
				};
			"100000000000000000000005" =
				{
					"isa" = "XCBuildConfiguration";
					"buildSettings" =
						{
							"INFOPLIST_FILE" = "/Users/badlogic/workspaces/robovm/robovm-game-app/ios/Info.plist.xml";
							"SDKROOT" = "iphoneos";
							"TARGETED_DEVICE_FAMILY" = "1,2";
							"GCC_PRECOMPILE_PREFIX_HEADER" = "YES";
							"GCC_PREFIX_HEADER" = "/Users/badlogic/workspaces/robovm/robovm-game-app/ios/robovm-build/xcode/.ib/Prefix.pch";
						};
					"name" = "Release";
				};
			"100000000000000000000003" =
				{
					"isa" = "XCConfigurationList";
					"buildConfigurations" =
						("100000000000000000000004", "100000000000000000000005");
					"defaultConfigurationIsVisible" = "0";
					"defaultConfigurationName" = "Release";
				};
			"B8D6A7584F9C426487706C91" =
				{
					"isa" = "PBXFileReference";
					"name" = "badlogic.jpg";
					"lastKnownFileType" = "image.jpeg";
					"sourceTree" = "<group>";
					"path" = "badlogic.jpg";
				};
			"CCB50AC61FA4479E8556B816" =
				{
					"isa" = "PBXGroup";
					"children" =
						("9ED6D95BBA9640ECB88E563F", "5260202A4EE24C258455464B", "B8D6A7584F9C426487706C91",
 "2543D1F67DDC4BBDB54DAED3", "0DF849DE8F5C46B88AD8842C", "622673E0FF5949E1B3D1F88B",
 "FE53ED12D73E468EB6C95688", "ED77B2059C9941208DAF2420", "F68B6F4E3F4F4D6994AFFFFD",
 "AC1588E71CBB41AC877451B4", "9E38B2961F804E12A906EA1F", "AC19A12B0ED34015A42B1CCA",
 "C685E680DC3541C899C97BD1", "E7E2B31B76AE425B86422865", "EB3AF3839D55400DBD119AFB",
 "4EBE74E26260493CB4459F63", "269AD4B507894CFB8AE36627", "91B7A4A348AD4C1CB8DCB9A5",
 "F3017448A03240F798B91980", "F12A0B4800064C7480271A8A", "10197D9BE9C14C05BB767783"
);
					"name" = "Resources";
					"sourceTree" = "<absolute>";
					"path" = "/Users/badlogic/workspaces/robovm/robovm-game-app/ios/../android/assets";
				};
			"2543D1F67DDC4BBDB54DAED3" =
				{
					"isa" = "PBXFileReference";
					"name" = "Default-375w-667h@2x.png";
					"lastKnownFileType" = "image.png";
					"sourceTree" = "<group>";
					"path" = "Default-375w-667h@2x.png";
				};
			"0DF849DE8F5C46B88AD8842C" =
				{
					"isa" = "PBXFileReference";
					"name" = "Default-414w-736h@3x.png";
					"lastKnownFileType" = "image.png";
					"sourceTree" = "<group>";
					"path" = "Default-414w-736h@3x.png";
				};
			"622673E0FF5949E1B3D1F88B" =
				{
					"isa" = "PBXFileReference";
					"name" = "Default-568h@2x.png";
					"lastKnownFileType" = "image.png";
					"sourceTree" = "<group>";
					"path" = "Default-568h@2x.png";
				};
			"FE53ED12D73E468EB6C95688" =
				{
					"isa" = "PBXFileReference";
					"name" = "Default.png";
					"lastKnownFileType" = "image.png";
					"sourceTree" = "<group>";
					"path" = "Default.png";
				};
			"ED77B2059C9941208DAF2420" =
				{
					"isa" = "PBXFileReference";
					"name" = "Default@2x.png";
					"lastKnownFileType" = "image.png";
					"sourceTree" = "<group>";
					"path" = "Default@2x.png";
				};
			"F68B6F4E3F4F4D6994AFFFFD" =
				{
					"isa" = "PBXFileReference";
					"name" = "Default@2x~ipad.png";
					"lastKnownFileType" = "image.png";
					"sourceTree" = "<group>";
					"path" = "Default@2x~ipad.png";
				};
			"AC1588E71CBB41AC877451B4" =
				{
					"isa" = "PBXFileReference";
					"name" = "Default~ipad.png";
					"lastKnownFileType" = "image.png";
					"sourceTree" = "<group>";
					"path" = "Default~ipad.png";
				};
			"C685E680DC3541C899C97BD1" =
				{
					"isa" = "PBXFileReference";
					"name" = "Icon-72.png";
					"lastKnownFileType" = "image.png";
					"sourceTree" = "<group>";
					"path" = "Icon-72.png";
				};
			"E7E2B31B76AE425B86422865" =
				{
					"isa" = "PBXFileReference";
					"name" = "Icon-72@2x.png";
					"lastKnownFileType" = "image.png";
					"sourceTree" = "<group>";
					"path" = "Icon-72@2x.png";
				};
			"EB3AF3839D55400DBD119AFB" =
				{
					"isa" = "PBXFileReference";
					"name" = "Icon.png";
					"lastKnownFileType" = "image.png";
					"sourceTree" = "<group>";
					"path" = "Icon.png";
				};
			"4EBE74E26260493CB4459F63" =
				{
					"isa" = "PBXFileReference";
					"name" = "Icon@2x.png";
					"lastKnownFileType" = "image.png";
					"sourceTree" = "<group>";
					"path" = "Icon@2x.png";
				};
			"B4918687EEAB4C1EB3850CA1" =
				{
					"isa" = "PBXFileReference";
					"name" = "Info.plist";
					"explicitFileType" = "text.plist.info";
					"sourceTree" = "<group>";
					"path" = "Info.plist.xml";
				};
			"06FC005ADF504C37AB208635" =
				{
					"isa" = "PBXGroup";
					"children" =
						("B4918687EEAB4C1EB3850CA1");
					"name" = "Supporting Files";
					"sourceTree" = "<absolute>";
					"path" = "/Users/badlogic/workspaces/robovm/robovm-game-app/ios";
				};
			"9ED6D95BBA9640ECB88E563F" =
				{
					"isa" = "PBXFileReference";
					"name" = "arial.png";
					"lastKnownFileType" = "image.png";
					"sourceTree" = "<group>";
					"path" = "arial.png";
				};
			"5260202A4EE24C258455464B" =
				{
					"isa" = "PBXFileReference";
					"name" = "background.png";
					"lastKnownFileType" = "image.png";
					"sourceTree" = "<group>";
					"path" = "background.png";
				};
			"9E38B2961F804E12A906EA1F" =
				{
					"isa" = "PBXFileReference";
					"name" = "gameover.png";
					"lastKnownFileType" = "image.png";
					"sourceTree" = "<group>";
					"path" = "gameover.png";
				};
			"AC19A12B0ED34015A42B1CCA" =
				{
					"isa" = "PBXFileReference";
					"name" = "ground.png";
					"lastKnownFileType" = "image.png";
					"sourceTree" = "<group>";
					"path" = "ground.png";
				};
			"269AD4B507894CFB8AE36627" =
				{
					"isa" = "PBXFileReference";
					"name" = "plane1.png";
					"lastKnownFileType" = "image.png";
					"sourceTree" = "<group>";
					"path" = "plane1.png";
				};
			"91B7A4A348AD4C1CB8DCB9A5" =
				{
					"isa" = "PBXFileReference";
					"name" = "plane2.png";
					"lastKnownFileType" = "image.png";
					"sourceTree" = "<group>";
					"path" = "plane2.png";
				};
			"F3017448A03240F798B91980" =
				{
					"isa" = "PBXFileReference";
					"name" = "plane3.png";
					"lastKnownFileType" = "image.png";
					"sourceTree" = "<group>";
					"path" = "plane3.png";
				};
			"F12A0B4800064C7480271A8A" =
				{
					"isa" = "PBXFileReference";
					"name" = "ready.png";
					"lastKnownFileType" = "image.png";
					"sourceTree" = "<group>";
					"path" = "ready.png";
				};
			"10197D9BE9C14C05BB767783" =
				{
					"isa" = "PBXFileReference";
					"name" = "rock.png";
					"lastKnownFileType" = "image.png";
					"sourceTree" = "<group>";
					"path" = "rock.png";
				};
		};
	"rootObject" = "100000000000000000000001";
}
